
Microsoft Visual Studio Solution File, Format Version 12.00
# Visual Studio Version 18
VisualStudioVersion = 18.7.11911.148 stable
MinimumVisualStudioVersion = 10.0.40219.1
Project("{FAE04EC0-301F-11D3-BF4B-00C04F79EFBC}") = "Costing", "Costing\Costing.csproj", "{6A771562-2A7E-4F09-AD5D-6D2B9C1FC732}"
EndProject
Global
	GlobalSection(SolutionConfigurationPlatforms) = preSolution
		Debug|Any CPU = Debug|Any CPU
		Release|Any CPU = Release|Any CPU
	EndGlobalSection
	GlobalSection(ProjectConfigurationPlatforms) = postSolution
		{6A771562-2A7E-4F09-AD5D-6D2B9C1FC732}.Debug|Any CPU.ActiveCfg = Debug|Any CPU
		{6A771562-2A7E-4F09-AD5D-6D2B9C1FC732}.Debug|Any CPU.Build.0 = Debug|Any CPU
		{6A771562-2A7E-4F09-AD5D-6D2B9C1FC732}.Release|Any CPU.ActiveCfg = Release|Any CPU
		{6A771562-2A7E-4F09-AD5D-6D2B9C1FC732}.Release|Any CPU.Build.0 = Release|Any CPU
	EndGlobalSection
	GlobalSection(SolutionProperties) = preSolution
		HideSolutionNode = FALSE
	EndGlobalSection
	GlobalSection(ExtensibilityGlobals) = postSolution
		SolutionGuid = {A25A0D4A-AE10-4145-9A8B-688D35215316}
	EndGlobalSection
EndGlobal
